
Microsoft Visual Studio Solution File, Format Version 12.00
# Visual Studio Version 16
VisualStudioVersion = 16.0.30413.136
MinimumVisualStudioVersion = 10.0.40219.1
Project("{FAE04EC0-301F-11D3-BF4B-00C04F79EFBC}") = "Graphs", "Graphs\Graphs.csproj", "{BE8979F7-6CE9-48DA-A400-FA3912BBEEB2}"
EndProject
Global
	GlobalSection(SolutionConfigurationPlatforms) = preSolution
		Debug|Any CPU = Debug|Any CPU
		Release|Any CPU = Release|Any CPU
	EndGlobalSection
	GlobalSection(ProjectConfigurationPlatforms) = postSolution
		{BE8979F7-6CE9-48DA-A400-FA3912BBEEB2}.Debug|Any CPU.ActiveCfg = Debug|Any CPU
		{BE8979F7-6CE9-48DA-A400-FA3912BBEEB2}.Debug|Any CPU.Build.0 = Debug|Any CPU
		{BE8979F7-6CE9-48DA-A400-FA3912BBEEB2}.Release|Any CPU.ActiveCfg = Release|Any CPU
		{BE8979F7-6CE9-48DA-A400-FA3912BBEEB2}.Release|Any CPU.Build.0 = Release|Any CPU
	EndGlobalSection
	GlobalSection(SolutionProperties) = preSolution
		HideSolutionNode = FALSE
	EndGlobalSection
	GlobalSection(ExtensibilityGlobals) = postSolution
		SolutionGuid = {01DC58B1-5D25-4FA4-ACB7-19388427D22D}
	EndGlobalSection
EndGlobal
